// !$*UTF8*$!
{
	archiveVersion = 1;
	classes = {
	};
	objectVersion = 55;
	objects = {

/* Begin PBXBuildFile section */
		0E24669E273C07FB006994EE /* AnyTransition + Extension.swift in Sources */ = {isa = PBXBuildFile; fileRef = 0E24669D273C07FB006994EE /* AnyTransition + Extension.swift */; };
		0E2466A3273C1B22006994EE /* Screen.swift in Sources */ = {isa = PBXBuildFile; fileRef = 0E2466A2273C1B22006994EE /* Screen.swift */; };
		0E2466A5273C1B44006994EE /* ScreenStack.swift in Sources */ = {isa = PBXBuildFile; fileRef = 0E2466A4273C1B44006994EE /* ScreenStack.swift */; };
		0E2466A7273C1B68006994EE /* PopDestination.swift in Sources */ = {isa = PBXBuildFile; fileRef = 0E2466A6273C1B68006994EE /* PopDestination.swift */; };
		0E2466A9273C1B7C006994EE /* NavigationTransition.swift in Sources */ = {isa = PBXBuildFile; fileRef = 0E2466A8273C1B7C006994EE /* NavigationTransition.swift */; };
		0E2466AB273C1B8D006994EE /* NavigationType.swift in Sources */ = {isa = PBXBuildFile; fileRef = 0E2466AA273C1B8D006994EE /* NavigationType.swift */; };
		0E2466AD273C1BBC006994EE /* CustomNavigationView.swift in Sources */ = {isa = PBXBuildFile; fileRef = 0E2466AC273C1BBC006994EE /* CustomNavigationView.swift */; };
		0E2466AF273C1BD5006994EE /* NavigationViewModel.swift in Sources */ = {isa = PBXBuildFile; fileRef = 0E2466AE273C1BD5006994EE /* NavigationViewModel.swift */; };
		0EBE609B274F630D009855EE /* NewsInteractor.swift in Sources */ = {isa = PBXBuildFile; fileRef = 0EBE609A274F630D009855EE /* NewsInteractor.swift */; };
		0EBE609F274F68AD009855EE /* ServiceLocator in Frameworks */ = {isa = PBXBuildFile; productRef = 0EBE609E274F68AD009855EE /* ServiceLocator */; };
		0EBE60A1274F6A41009855EE /* Configurator.swift in Sources */ = {isa = PBXBuildFile; fileRef = 0EBE60A0274F6A41009855EE /* Configurator.swift */; };
		0EBE60A5274F7093009855EE /* InjectWrapper.swift in Sources */ = {isa = PBXBuildFile; fileRef = 0EBE60A4274F7093009855EE /* InjectWrapper.swift */; };
		0ECE19B2273AF88100862243 /* PagingListNewsApp.swift in Sources */ = {isa = PBXBuildFile; fileRef = 0ECE19B1273AF88100862243 /* PagingListNewsApp.swift */; };
		0ECE19B4273AF88100862243 /* ContentView.swift in Sources */ = {isa = PBXBuildFile; fileRef = 0ECE19B3273AF88100862243 /* ContentView.swift */; };
		0ECE19B6273AF88400862243 /* Assets.xcassets in Resources */ = {isa = PBXBuildFile; fileRef = 0ECE19B5273AF88400862243 /* Assets.xcassets */; };
		0ECE19B9273AF88400862243 /* Preview Assets.xcassets in Resources */ = {isa = PBXBuildFile; fileRef = 0ECE19B8273AF88400862243 /* Preview Assets.xcassets */; };
		0ECE19C6273B08EB00862243 /* NewsView.swift in Sources */ = {isa = PBXBuildFile; fileRef = 0ECE19C5273B08EB00862243 /* NewsView.swift */; };
		0ECE19C8273B092200862243 /* NewsViewModel.swift in Sources */ = {isa = PBXBuildFile; fileRef = 0ECE19C7273B092200862243 /* NewsViewModel.swift */; };
		0ECE19CB273B0A3400862243 /* Networking in Frameworks */ = {isa = PBXBuildFile; productRef = 0ECE19CA273B0A3400862243 /* Networking */; };
		0ECE19CD273B27A100862243 /* NewsItemView.swift in Sources */ = {isa = PBXBuildFile; fileRef = 0ECE19CC273B27A100862243 /* NewsItemView.swift */; };
		0ECE19D1273B28AD00862243 /* AsyncImage.swift in Sources */ = {isa = PBXBuildFile; fileRef = 0ECE19D0273B28AD00862243 /* AsyncImage.swift */; };
		0ECE19D3273B28CE00862243 /* AsyncImageViewModel.swift in Sources */ = {isa = PBXBuildFile; fileRef = 0ECE19D2273B28CE00862243 /* AsyncImageViewModel.swift */; };
		0ECE19D5273B290400862243 /* ImageLoader.swift in Sources */ = {isa = PBXBuildFile; fileRef = 0ECE19D4273B290400862243 /* ImageLoader.swift */; };
		0ECE19D9273BA52100862243 /* NewsDetailsView.swift in Sources */ = {isa = PBXBuildFile; fileRef = 0ECE19D8273BA52100862243 /* NewsDetailsView.swift */; };
		0ECE19DC273BAC9000862243 /* EditNewsView.swift in Sources */ = {isa = PBXBuildFile; fileRef = 0ECE19DB273BAC9000862243 /* EditNewsView.swift */; };
		0ECE19DE273BB84D00862243 /* ActivityView.swift in Sources */ = {isa = PBXBuildFile; fileRef = 0ECE19DD273BB84D00862243 /* ActivityView.swift */; };
		0ECE19E2273BBA9A00862243 /* LoadingStateModifier.swift in Sources */ = {isa = PBXBuildFile; fileRef = 0ECE19E1273BBA9A00862243 /* LoadingStateModifier.swift */; };
		0ECE19E4273BF86200862243 /* Navigation.swift in Sources */ = {isa = PBXBuildFile; fileRef = 0ECE19E3273BF86200862243 /* Navigation.swift */; };
/* End PBXBuildFile section */

/* Begin PBXFileReference section */
		0E24669D273C07FB006994EE /* AnyTransition + Extension.swift */ = {isa = PBXFileReference; lastKnownFileType = sourcecode.swift; path = "AnyTransition + Extension.swift"; sourceTree = "<group>"; };
		0E2466A2273C1B22006994EE /* Screen.swift */ = {isa = PBXFileReference; lastKnownFileType = sourcecode.swift; path = Screen.swift; sourceTree = "<group>"; };
		0E2466A4273C1B44006994EE /* ScreenStack.swift */ = {isa = PBXFileReference; lastKnownFileType = sourcecode.swift; path = ScreenStack.swift; sourceTree = "<group>"; };
		0E2466A6273C1B68006994EE /* PopDestination.swift */ = {isa = PBXFileReference; lastKnownFileType = sourcecode.swift; path = PopDestination.swift; sourceTree = "<group>"; };
		0E2466A8273C1B7C006994EE /* NavigationTransition.swift */ = {isa = PBXFileReference; lastKnownFileType = sourcecode.swift; path = NavigationTransition.swift; sourceTree = "<group>"; };
		0E2466AA273C1B8D006994EE /* NavigationType.swift */ = {isa = PBXFileReference; lastKnownFileType = sourcecode.swift; path = NavigationType.swift; sourceTree = "<group>"; };
		0E2466AC273C1BBC006994EE /* CustomNavigationView.swift */ = {isa = PBXFileReference; lastKnownFileType = sourcecode.swift; path = CustomNavigationView.swift; sourceTree = "<group>"; };
		0E2466AE273C1BD5006994EE /* NavigationViewModel.swift */ = {isa = PBXFileReference; lastKnownFileType = sourcecode.swift; path = NavigationViewModel.swift; sourceTree = "<group>"; };
		0EBE6097274F60ED009855EE /* ServiceLocator */ = {isa = PBXFileReference; lastKnownFileType = folder; path = ServiceLocator; sourceTree = SOURCE_ROOT; };
		0EBE609A274F630D009855EE /* NewsInteractor.swift */ = {isa = PBXFileReference; lastKnownFileType = sourcecode.swift; path = NewsInteractor.swift; sourceTree = "<group>"; };
		0EBE60A0274F6A41009855EE /* Configurator.swift */ = {isa = PBXFileReference; lastKnownFileType = sourcecode.swift; path = Configurator.swift; sourceTree = "<group>"; };
		0EBE60A4274F7093009855EE /* InjectWrapper.swift */ = {isa = PBXFileReference; lastKnownFileType = sourcecode.swift; path = InjectWrapper.swift; sourceTree = "<group>"; };
		0ECE19AE273AF88100862243 /* PagingListNews.app */ = {isa = PBXFileReference; explicitFileType = wrapper.application; includeInIndex = 0; path = PagingListNews.app; sourceTree = BUILT_PRODUCTS_DIR; };
		0ECE19B1273AF88100862243 /* PagingListNewsApp.swift */ = {isa = PBXFileReference; lastKnownFileType = sourcecode.swift; path = PagingListNewsApp.swift; sourceTree = "<group>"; };
		0ECE19B3273AF88100862243 /* ContentView.swift */ = {isa = PBXFileReference; lastKnownFileType = sourcecode.swift; path = ContentView.swift; sourceTree = "<group>"; };
		0ECE19B5273AF88400862243 /* Assets.xcassets */ = {isa = PBXFileReference; lastKnownFileType = folder.assetcatalog; path = Assets.xcassets; sourceTree = "<group>"; };
		0ECE19B8273AF88400862243 /* Preview Assets.xcassets */ = {isa = PBXFileReference; lastKnownFileType = folder.assetcatalog; path = "Preview Assets.xcassets"; sourceTree = "<group>"; };
		0ECE19C3273B05C200862243 /* Networking */ = {isa = PBXFileReference; lastKnownFileType = folder; name = Networking; path = Modules/Networking; sourceTree = "<group>"; };
		0ECE19C5273B08EB00862243 /* NewsView.swift */ = {isa = PBXFileReference; lastKnownFileType = sourcecode.swift; path = NewsView.swift; sourceTree = "<group>"; };
		0ECE19C7273B092200862243 /* NewsViewModel.swift */ = {isa = PBXFileReference; lastKnownFileType = sourcecode.swift; path = NewsViewModel.swift; sourceTree = "<group>"; };
		0ECE19CC273B27A100862243 /* NewsItemView.swift */ = {isa = PBXFileReference; lastKnownFileType = sourcecode.swift; path = NewsItemView.swift; sourceTree = "<group>"; };
		0ECE19D0273B28AD00862243 /* AsyncImage.swift */ = {isa = PBXFileReference; lastKnownFileType = sourcecode.swift; path = AsyncImage.swift; sourceTree = "<group>"; };
		0ECE19D2273B28CE00862243 /* AsyncImageViewModel.swift */ = {isa = PBXFileReference; lastKnownFileType = sourcecode.swift; path = AsyncImageViewModel.swift; sourceTree = "<group>"; };
		0ECE19D4273B290400862243 /* ImageLoader.swift */ = {isa = PBXFileReference; lastKnownFileType = sourcecode.swift; path = ImageLoader.swift; sourceTree = "<group>"; };
		0ECE19D8273BA52100862243 /* NewsDetailsView.swift */ = {isa = PBXFileReference; lastKnownFileType = sourcecode.swift; path = NewsDetailsView.swift; sourceTree = "<group>"; };
		0ECE19DB273BAC9000862243 /* EditNewsView.swift */ = {isa = PBXFileReference; lastKnownFileType = sourcecode.swift; path = EditNewsView.swift; sourceTree = "<group>"; };
		0ECE19DD273BB84D00862243 /* ActivityView.swift */ = {isa = PBXFileReference; lastKnownFileType = sourcecode.swift; path = ActivityView.swift; sourceTree = "<group>"; };
		0ECE19E1273BBA9A00862243 /* LoadingStateModifier.swift */ = {isa = PBXFileReference; lastKnownFileType = sourcecode.swift; path = LoadingStateModifier.swift; sourceTree = "<group>"; };
		0ECE19E3273BF86200862243 /* Navigation.swift */ = {isa = PBXFileReference; lastKnownFileType = sourcecode.swift; path = Navigation.swift; sourceTree = "<group>"; };
/* End PBXFileReference section */

/* Begin PBXFrameworksBuildPhase section */
		0ECE19AB273AF88100862243 /* Frameworks */ = {
			isa = PBXFrameworksBuildPhase;
			buildActionMask = 2147483647;
			files = (
				0ECE19CB273B0A3400862243 /* Networking in Frameworks */,
				0EBE609F274F68AD009855EE /* ServiceLocator in Frameworks */,
			);
			runOnlyForDeploymentPostprocessing = 0;
		};
/* End PBXFrameworksBuildPhase section */

/* Begin PBXGroup section */
		0E24669F273C1890006994EE /* Extensions */ = {
			isa = PBXGroup;
			children = (
				0E24669D273C07FB006994EE /* AnyTransition + Extension.swift */,
			);
			path = Extensions;
			sourceTree = "<group>";
		};
		0E2466A0273C1970006994EE /* Navigation */ = {
			isa = PBXGroup;
			children = (
				0E2466A1273C1B18006994EE /* Components */,
				0ECE19E3273BF86200862243 /* Navigation.swift */,
				0E2466AE273C1BD5006994EE /* NavigationViewModel.swift */,
				0E2466AC273C1BBC006994EE /* CustomNavigationView.swift */,
			);
			path = Navigation;
			sourceTree = "<group>";
		};
		0E2466A1273C1B18006994EE /* Components */ = {
			isa = PBXGroup;
			children = (
				0E2466A2273C1B22006994EE /* Screen.swift */,
				0E2466A4273C1B44006994EE /* ScreenStack.swift */,
				0E2466A6273C1B68006994EE /* PopDestination.swift */,
				0E2466A8273C1B7C006994EE /* NavigationTransition.swift */,
				0E2466AA273C1B8D006994EE /* NavigationType.swift */,
			);
			path = Components;
			sourceTree = "<group>";
		};
		0EBE6099274F62EA009855EE /* Interactor */ = {
			isa = PBXGroup;
			children = (
				0EBE609A274F630D009855EE /* NewsInteractor.swift */,
			);
			path = Interactor;
			sourceTree = "<group>";
		};
		0ECE19A5273AF88100862243 = {
			isa = PBXGroup;
			children = (
				0ECE19C3273B05C200862243 /* Networking */,
				0EBE6097274F60ED009855EE /* ServiceLocator */,
				0ECE19B0273AF88100862243 /* PagingListNews */,
				0ECE19AF273AF88100862243 /* Products */,
				0ECE19C9273B0A3400862243 /* Frameworks */,
			);
			sourceTree = "<group>";
		};
		0ECE19AF273AF88100862243 /* Products */ = {
			isa = PBXGroup;
			children = (
				0ECE19AE273AF88100862243 /* PagingListNews.app */,
			);
			name = Products;
			sourceTree = "<group>";
		};
		0ECE19B0273AF88100862243 /* PagingListNews */ = {
			isa = PBXGroup;
			children = (
				0EBE60A0274F6A41009855EE /* Configurator.swift */,
				0EBE60A4274F7093009855EE /* InjectWrapper.swift */,
				0EBE6099274F62EA009855EE /* Interactor */,
				0ECE19B1273AF88100862243 /* PagingListNewsApp.swift */,
				0ECE19B3273AF88100862243 /* ContentView.swift */,
				0E2466A0273C1970006994EE /* Navigation */,
				0ECE19CE273B289200862243 /* Components */,
				0ECE19C4273B08BA00862243 /* News */,
				0ECE19DA273BAC7E00862243 /* EditNews */,
				0ECE19D7273BA50300862243 /* NewsDetails */,
				0ECE19B5273AF88400862243 /* Assets.xcassets */,
				0ECE19B7273AF88400862243 /* Preview Content */,
			);
			path = PagingListNews;
			sourceTree = "<group>";
		};
		0ECE19B7273AF88400862243 /* Preview Content */ = {
			isa = PBXGroup;
			children = (
				0ECE19B8273AF88400862243 /* Preview Assets.xcassets */,
			);
			path = "Preview Content";
			sourceTree = "<group>";
		};
		0ECE19C4273B08BA00862243 /* News */ = {
			isa = PBXGroup;
			children = (
				0ECE19C5273B08EB00862243 /* NewsView.swift */,
				0ECE19CC273B27A100862243 /* NewsItemView.swift */,
				0ECE19C7273B092200862243 /* NewsViewModel.swift */,
			);
			path = News;
			sourceTree = "<group>";
		};
		0ECE19C9273B0A3400862243 /* Frameworks */ = {
			isa = PBXGroup;
			children = (
			);
			name = Frameworks;
			sourceTree = "<group>";
		};
		0ECE19CE273B289200862243 /* Components */ = {
			isa = PBXGroup;
			children = (
				0E24669F273C1890006994EE /* Extensions */,
				0ECE19E0273BBA7900862243 /* ViewModifier */,
				0ECE19DF273BBA7300862243 /* Views */,
			);
			path = Components;
			sourceTree = "<group>";
		};
		0ECE19CF273B28A100862243 /* AsyncImage */ = {
			isa = PBXGroup;
			children = (
				0ECE19D0273B28AD00862243 /* AsyncImage.swift */,
				0ECE19D2273B28CE00862243 /* AsyncImageViewModel.swift */,
				0ECE19D4273B290400862243 /* ImageLoader.swift */,
			);
			path = AsyncImage;
			sourceTree = "<group>";
		};
		0ECE19D7273BA50300862243 /* NewsDetails */ = {
			isa = PBXGroup;
			children = (
				0ECE19D8273BA52100862243 /* NewsDetailsView.swift */,
			);
			path = NewsDetails;
			sourceTree = "<group>";
		};
		0ECE19DA273BAC7E00862243 /* EditNews */ = {
			isa = PBXGroup;
			children = (
				0ECE19DB273BAC9000862243 /* EditNewsView.swift */,
			);
			path = EditNews;
			sourceTree = "<group>";
		};
		0ECE19DF273BBA7300862243 /* Views */ = {
			isa = PBXGroup;
			children = (
				0ECE19DD273BB84D00862243 /* ActivityView.swift */,
				0ECE19CF273B28A100862243 /* AsyncImage */,
			);
			path = Views;
			sourceTree = "<group>";
		};
		0ECE19E0273BBA7900862243 /* ViewModifier */ = {
			isa = PBXGroup;
			children = (
				0ECE19E1273BBA9A00862243 /* LoadingStateModifier.swift */,
			);
			path = ViewModifier;
			sourceTree = "<group>";
		};
/* End PBXGroup section */

/* Begin PBXNativeTarget section */
		0ECE19AD273AF88100862243 /* PagingListNews */ = {
			isa = PBXNativeTarget;
			buildConfigurationList = 0ECE19BC273AF88400862243 /* Build configuration list for PBXNativeTarget "PagingListNews" */;
			buildPhases = (
				0ECE19AA273AF88100862243 /* Sources */,
				0ECE19AB273AF88100862243 /* Frameworks */,
				0ECE19AC273AF88100862243 /* Resources */,
			);
			buildRules = (
			);
			dependencies = (
			);
			name = PagingListNews;
			packageProductDependencies = (
				0ECE19CA273B0A3400862243 /* Networking */,
				0EBE609E274F68AD009855EE /* ServiceLocator */,
			);
			productName = PagingListNews;
			productReference = 0ECE19AE273AF88100862243 /* PagingListNews.app */;
			productType = "com.apple.product-type.application";
		};
/* End PBXNativeTarget section */

/* Begin PBXProject section */
		0ECE19A6273AF88100862243 /* Project object */ = {
			isa = PBXProject;
			attributes = {
				BuildIndependentTargetsInParallel = 1;
				LastSwiftUpdateCheck = 1300;
				LastUpgradeCheck = 1300;
				TargetAttributes = {
					0ECE19AD273AF88100862243 = {
						CreatedOnToolsVersion = 13.0;
					};
				};
			};
			buildConfigurationList = 0ECE19A9273AF88100862243 /* Build configuration list for PBXProject "PagingListNews" */;
			compatibilityVersion = "Xcode 13.0";
			developmentRegion = en;
			hasScannedForEncodings = 0;
			knownRegions = (
				en,
				Base,
			);
			mainGroup = 0ECE19A5273AF88100862243;
			productRefGroup = 0ECE19AF273AF88100862243 /* Products */;
			projectDirPath = "";
			projectRoot = "";
			targets = (
				0ECE19AD273AF88100862243 /* PagingListNews */,
			);
		};
/* End PBXProject section */

/* Begin PBXResourcesBuildPhase section */
		0ECE19AC273AF88100862243 /* Resources */ = {
			isa = PBXResourcesBuildPhase;
			buildActionMask = 2147483647;
			files = (
				0ECE19B9273AF88400862243 /* Preview Assets.xcassets in Resources */,
				0ECE19B6273AF88400862243 /* Assets.xcassets in Resources */,
			);
			runOnlyForDeploymentPostprocessing = 0;
		};
/* End PBXResourcesBuildPhase section */

/* Begin PBXSourcesBuildPhase section */
		0ECE19AA273AF88100862243 /* Sources */ = {
			isa = PBXSourcesBuildPhase;
			buildActionMask = 2147483647;
			files = (
				0ECE19DE273BB84D00862243 /* ActivityView.swift in Sources */,
				0E2466AB273C1B8D006994EE /* NavigationType.swift in Sources */,
				0ECE19D3273B28CE00862243 /* AsyncImageViewModel.swift in Sources */,
				0E2466AF273C1BD5006994EE /* NavigationViewModel.swift in Sources */,
				0E2466A9273C1B7C006994EE /* NavigationTransition.swift in Sources */,
				0EBE609B274F630D009855EE /* NewsInteractor.swift in Sources */,
				0E2466A5273C1B44006994EE /* ScreenStack.swift in Sources */,
				0ECE19B4273AF88100862243 /* ContentView.swift in Sources */,
				0ECE19E2273BBA9A00862243 /* LoadingStateModifier.swift in Sources */,
				0EBE60A5274F7093009855EE /* InjectWrapper.swift in Sources */,
				0E2466AD273C1BBC006994EE /* CustomNavigationView.swift in Sources */,
				0ECE19CD273B27A100862243 /* NewsItemView.swift in Sources */,
				0E2466A3273C1B22006994EE /* Screen.swift in Sources */,
				0ECE19D9273BA52100862243 /* NewsDetailsView.swift in Sources */,
				0ECE19C8273B092200862243 /* NewsViewModel.swift in Sources */,
				0ECE19C6273B08EB00862243 /* NewsView.swift in Sources */,
				0EBE60A1274F6A41009855EE /* Configurator.swift in Sources */,
				0ECE19DC273BAC9000862243 /* EditNewsView.swift in Sources */,
				0ECE19E4273BF86200862243 /* Navigation.swift in Sources */,
				0ECE19D1273B28AD00862243 /* AsyncImage.swift in Sources */,
				0ECE19D5273B290400862243 /* ImageLoader.swift in Sources */,
				0E24669E273C07FB006994EE /* AnyTransition + Extension.swift in Sources */,
				0ECE19B2273AF88100862243 /* PagingListNewsApp.swift in Sources */,
				0E2466A7273C1B68006994EE /* PopDestination.swift in Sources */,
			);
			runOnlyForDeploymentPostprocessing = 0;
		};
/* End PBXSourcesBuildPhase section */

/* Begin XCBuildConfiguration section */
		0ECE19BA273AF88400862243 /* Debug */ = {
			isa = XCBuildConfiguration;
			buildSettings = {
				ALWAYS_SEARCH_USER_PATHS = NO;
				CLANG_ANALYZER_NONNULL = YES;
				CLANG_ANALYZER_NUMBER_OBJECT_CONVERSION = YES_AGGRESSIVE;
				CLANG_CXX_LANGUAGE_STANDARD = "gnu++17";
				CLANG_CXX_LIBRARY = "libc++";
				CLANG_ENABLE_MODULES = YES;
				CLANG_ENABLE_OBJC_ARC = YES;
				CLANG_ENABLE_OBJC_WEAK = YES;
				CLANG_WARN_BLOCK_CAPTURE_AUTORELEASING = YES;
				CLANG_WARN_BOOL_CONVERSION = YES;
				CLANG_WARN_COMMA = YES;
				CLANG_WARN_CONSTANT_CONVERSION = YES;
				CLANG_WARN_DEPRECATED_OBJC_IMPLEMENTATIONS = YES;
				CLANG_WARN_DIRECT_OBJC_ISA_USAGE = YES_ERROR;
				CLANG_WARN_DOCUMENTATION_COMMENTS = YES;
				CLANG_WARN_EMPTY_BODY = YES;
				CLANG_WARN_ENUM_CONVERSION = YES;
				CLANG_WARN_INFINITE_RECURSION = YES;
				CLANG_WARN_INT_CONVERSION = YES;
				CLANG_WARN_NON_LITERAL_NULL_CONVERSION = YES;
				CLANG_WARN_OBJC_IMPLICIT_RETAIN_SELF = YES;
				CLANG_WARN_OBJC_LITERAL_CONVERSION = YES;
				CLANG_WARN_OBJC_ROOT_CLASS = YES_ERROR;
				CLANG_WARN_QUOTED_INCLUDE_IN_FRAMEWORK_HEADER = YES;
				CLANG_WARN_RANGE_LOOP_ANALYSIS = YES;
				CLANG_WARN_STRICT_PROTOTYPES = YES;
				CLANG_WARN_SUSPICIOUS_MOVE = YES;
				CLANG_WARN_UNGUARDED_AVAILABILITY = YES_AGGRESSIVE;
				CLANG_WARN_UNREACHABLE_CODE = YES;
				CLANG_WARN__DUPLICATE_METHOD_MATCH = YES;
				COPY_PHASE_STRIP = NO;
				DEBUG_INFORMATION_FORMAT = dwarf;
				ENABLE_STRICT_OBJC_MSGSEND = YES;
				ENABLE_TESTABILITY = YES;
				GCC_C_LANGUAGE_STANDARD = gnu11;
				GCC_DYNAMIC_NO_PIC = NO;
				GCC_NO_COMMON_BLOCKS = YES;
				GCC_OPTIMIZATION_LEVEL = 0;
				GCC_PREPROCESSOR_DEFINITIONS = (
					"DEBUG=1",
					"$(inherited)",
				);
				GCC_WARN_64_TO_32_BIT_CONVERSION = YES;
				GCC_WARN_ABOUT_RETURN_TYPE = YES_ERROR;
				GCC_WARN_UNDECLARED_SELECTOR = YES;
				GCC_WARN_UNINITIALIZED_AUTOS = YES_AGGRESSIVE;
				GCC_WARN_UNUSED_FUNCTION = YES;
				GCC_WARN_UNUSED_VARIABLE = YES;
				IPHONEOS_DEPLOYMENT_TARGET = 15.0;
				MTL_ENABLE_DEBUG_INFO = INCLUDE_SOURCE;
				MTL_FAST_MATH = YES;
				ONLY_ACTIVE_ARCH = YES;
				SDKROOT = iphoneos;
				SWIFT_ACTIVE_COMPILATION_CONDITIONS = DEBUG;
				SWIFT_OPTIMIZATION_LEVEL = "-Onone";
			};
			name = Debug;
		};
		0ECE19BB273AF88400862243 /* Release */ = {
			isa = XCBuildConfiguration;
			buildSettings = {
				ALWAYS_SEARCH_USER_PATHS = NO;
				CLANG_ANALYZER_NONNULL = YES;
				CLANG_ANALYZER_NUMBER_OBJECT_CONVERSION = YES_AGGRESSIVE;
				CLANG_CXX_LANGUAGE_STANDARD = "gnu++17";
				CLANG_CXX_LIBRARY = "libc++";
				CLANG_ENABLE_MODULES = YES;
				CLANG_ENABLE_OBJC_ARC = YES;
				CLANG_ENABLE_OBJC_WEAK = YES;
				CLANG_WARN_BLOCK_CAPTURE_AUTORELEASING = YES;
				CLANG_WARN_BOOL_CONVERSION = YES;
				CLANG_WARN_COMMA = YES;
				CLANG_WARN_CONSTANT_CONVERSION = YES;
				CLANG_WARN_DEPRECATED_OBJC_IMPLEMENTATIONS = YES;
				CLANG_WARN_DIRECT_OBJC_ISA_USAGE = YES_ERROR;
				CLANG_WARN_DOCUMENTATION_COMMENTS = YES;
				CLANG_WARN_EMPTY_BODY = YES;
				CLANG_WARN_ENUM_CONVERSION = YES;
				CLANG_WARN_INFINITE_RECURSION = YES;
				CLANG_WARN_INT_CONVERSION = YES;
				CLANG_WARN_NON_LITERAL_NULL_CONVERSION = YES;
				CLANG_WARN_OBJC_IMPLICIT_RETAIN_SELF = YES;
				CLANG_WARN_OBJC_LITERAL_CONVERSION = YES;
				CLANG_WARN_OBJC_ROOT_CLASS = YES_ERROR;
				CLANG_WARN_QUOTED_INCLUDE_IN_FRAMEWORK_HEADER = YES;
				CLANG_WARN_RANGE_LOOP_ANALYSIS = YES;
				CLANG_WARN_STRICT_PROTOTYPES = YES;
				CLANG_WARN_SUSPICIOUS_MOVE = YES;
				CLANG_WARN_UNGUARDED_AVAILABILITY = YES_AGGRESSIVE;
				CLANG_WARN_UNREACHABLE_CODE = YES;
				CLANG_WARN__DUPLICATE_METHOD_MATCH = YES;
				COPY_PHASE_STRIP = NO;
				DEBUG_INFORMATION_FORMAT = "dwarf-with-dsym";
				ENABLE_NS_ASSERTIONS = NO;
				ENABLE_STRICT_OBJC_MSGSEND = YES;
				GCC_C_LANGUAGE_STANDARD = gnu11;
				GCC_NO_COMMON_BLOCKS = YES;
				GCC_WARN_64_TO_32_BIT_CONVERSION = YES;
				GCC_WARN_ABOUT_RETURN_TYPE = YES_ERROR;
				GCC_WARN_UNDECLARED_SELECTOR = YES;
				GCC_WARN_UNINITIALIZED_AUTOS = YES_AGGRESSIVE;
				GCC_WARN_UNUSED_FUNCTION = YES;
				GCC_WARN_UNUSED_VARIABLE = YES;
				IPHONEOS_DEPLOYMENT_TARGET = 15.0;
				MTL_ENABLE_DEBUG_INFO = NO;
				MTL_FAST_MATH = YES;
				SDKROOT = iphoneos;
				SWIFT_COMPILATION_MODE = wholemodule;
				SWIFT_OPTIMIZATION_LEVEL = "-O";
				VALIDATE_PRODUCT = YES;
			};
			name = Release;
		};
		0ECE19BD273AF88400862243 /* Debug */ = {
			isa = XCBuildConfiguration;
			buildSettings = {
				ASSETCATALOG_COMPILER_APPICON_NAME = AppIcon;
				ASSETCATALOG_COMPILER_GLOBAL_ACCENT_COLOR_NAME = AccentColor;
				CODE_SIGN_STYLE = Automatic;
				CURRENT_PROJECT_VERSION = 1;
				DEVELOPMENT_ASSET_PATHS = "\"PagingListNews/Preview Content\"";
				DEVELOPMENT_TEAM = VH9RU7S6TL;
				ENABLE_PREVIEWS = YES;
				GENERATE_INFOPLIST_FILE = YES;
				INFOPLIST_KEY_UIApplicationSceneManifest_Generation = YES;
				INFOPLIST_KEY_UIApplicationSupportsIndirectInputEvents = YES;
				INFOPLIST_KEY_UILaunchScreen_Generation = YES;
				INFOPLIST_KEY_UISupportedInterfaceOrientations_iPad = "UIInterfaceOrientationPortrait UIInterfaceOrientationPortraitUpsideDown UIInterfaceOrientationLandscapeLeft UIInterfaceOrientationLandscapeRight";
				INFOPLIST_KEY_UISupportedInterfaceOrientations_iPhone = "UIInterfaceOrientationPortrait UIInterfaceOrientationLandscapeLeft UIInterfaceOrientationLandscapeRight";
				IPHONEOS_DEPLOYMENT_TARGET = 14.0;
				LD_RUNPATH_SEARCH_PATHS = (
					"$(inherited)",
					"@executable_path/Frameworks",
				);
				MARKETING_VERSION = 1.0;
				PRODUCT_BUNDLE_IDENTIFIER = app.PagingListNews;
				PRODUCT_NAME = "$(TARGET_NAME)";
				SWIFT_EMIT_LOC_STRINGS = YES;
				SWIFT_VERSION = 5.0;
				TARGETED_DEVICE_FAMILY = "1,2";
			};
			name = Debug;
		};
		0ECE19BE273AF88400862243 /* Release */ = {
			isa = XCBuildConfiguration;
			buildSettings = {
				ASSETCATALOG_COMPILER_APPICON_NAME = AppIcon;
				ASSETCATALOG_COMPILER_GLOBAL_ACCENT_COLOR_NAME = AccentColor;
				CODE_SIGN_STYLE = Automatic;
				CURRENT_PROJECT_VERSION = 1;
				DEVELOPMENT_ASSET_PATHS = "\"PagingListNews/Preview Content\"";
				DEVELOPMENT_TEAM = VH9RU7S6TL;
				ENABLE_PREVIEWS = YES;
				GENERATE_INFOPLIST_FILE = YES;
				INFOPLIST_KEY_UIApplicationSceneManifest_Generation = YES;
				INFOPLIST_KEY_UIApplicationSupportsIndirectInputEvents = YES;
				INFOPLIST_KEY_UILaunchScreen_Generation = YES;
				INFOPLIST_KEY_UISupportedInterfaceOrientations_iPad = "UIInterfaceOrientationPortrait UIInterfaceOrientationPortraitUpsideDown UIInterfaceOrientationLandscapeLeft UIInterfaceOrientationLandscapeRight";
				INFOPLIST_KEY_UISupportedInterfaceOrientations_iPhone = "UIInterfaceOrientationPortrait UIInterfaceOrientationLandscapeLeft UIInterfaceOrientationLandscapeRight";
				IPHONEOS_DEPLOYMENT_TARGET = 14.0;
				LD_RUNPATH_SEARCH_PATHS = (
					"$(inherited)",
					"@executable_path/Frameworks",
				);
				MARKETING_VERSION = 1.0;
				PRODUCT_BUNDLE_IDENTIFIER = app.PagingListNews;
				PRODUCT_NAME = "$(TARGET_NAME)";
				SWIFT_EMIT_LOC_STRINGS = YES;
				SWIFT_VERSION = 5.0;
				TARGETED_DEVICE_FAMILY = "1,2";
			};
			name = Release;
		};
/* End XCBuildConfiguration section */

/* Begin XCConfigurationList section */
		0ECE19A9273AF88100862243 /* Build configuration list for PBXProject "PagingListNews" */ = {
			isa = XCConfigurationList;
			buildConfigurations = (
				0ECE19BA273AF88400862243 /* Debug */,
				0ECE19BB273AF88400862243 /* Release */,
			);
			defaultConfigurationIsVisible = 0;
			defaultConfigurationName = Release;
		};
		0ECE19BC273AF88400862243 /* Build configuration list for PBXNativeTarget "PagingListNews" */ = {
			isa = XCConfigurationList;
			buildConfigurations = (
				0ECE19BD273AF88400862243 /* Debug */,
				0ECE19BE273AF88400862243 /* Release */,
			);
			defaultConfigurationIsVisible = 0;
			defaultConfigurationName = Release;
		};
/* End XCConfigurationList section */

/* Begin XCSwiftPackageProductDependency section */
		0EBE609E274F68AD009855EE /* ServiceLocator */ = {
			isa = XCSwiftPackageProductDependency;
			productName = ServiceLocator;
		};
		0ECE19CA273B0A3400862243 /* Networking */ = {
			isa = XCSwiftPackageProductDependency;
			productName = Networking;
		};
/* End XCSwiftPackageProductDependency section */
	};
	rootObject = 0ECE19A6273AF88100862243 /* Project object */;
}
